
Microsoft Visual Studio Solution File, Format Version 12.00
# Visual Studio Version 17
VisualStudioVersion = 17.11.35312.102
MinimumVisualStudioVersion = 10.0.40219.1
Project("{9A19103F-16F7-4668-BE54-9A1E7A4F7556}") = "Divisima.WebUI", "Divisima.WebUI\Divisima.WebUI.csproj", "{72817C9E-F537-4DE7-B237-09641D986119}"
EndProject
Project("{9A19103F-16F7-4668-BE54-9A1E7A4F7556}") = "Divisima.DAL", "Divisima.DAL\Divisima.DAL.csproj", "{7C3C619E-8EC3-420E-9E9A-191B61D93136}"
EndProject
Project("{9A19103F-16F7-4668-BE54-9A1E7A4F7556}") = "Divisima.BL", "Divisima.BL\Divisima.BL.csproj", "{52FB736D-1839-4034-A6F5-465A3094D924}"
EndProject
Project("{9A19103F-16F7-4668-BE54-9A1E7A4F7556}") = "Divisima.API", "Divisima.API\Divisima.API.csproj", "{07514DA7-D5D7-480D-BDE9-5381552B2E32}"
EndProject
Project("{FAE04EC0-301F-11D3-BF4B-00C04F79EFBC}") = "Divisima.Tools", "Divisima.Tools\Divisima.Tools.csproj", "{26071B48-D4F4-4E5F-9C37-FDC0A95E337B}"
EndProject
Global
	GlobalSection(SolutionConfigurationPlatforms) = preSolution
		Debug|Any CPU = Debug|Any CPU
		Release|Any CPU = Release|Any CPU
	EndGlobalSection
	GlobalSection(ProjectConfigurationPlatforms) = postSolution
		{72817C9E-F537-4DE7-B237-09641D986119}.Debug|Any CPU.ActiveCfg = Debug|Any CPU
		{72817C9E-F537-4DE7-B237-09641D986119}.Debug|Any CPU.Build.0 = Debug|Any CPU
		{72817C9E-F537-4DE7-B237-09641D986119}.Release|Any CPU.ActiveCfg = Release|Any CPU
		{72817C9E-F537-4DE7-B237-09641D986119}.Release|Any CPU.Build.0 = Release|Any CPU
		{7C3C619E-8EC3-420E-9E9A-191B61D93136}.Debug|Any CPU.ActiveCfg = Debug|Any CPU
		{7C3C619E-8EC3-420E-9E9A-191B61D93136}.Debug|Any CPU.Build.0 = Debug|Any CPU
		{7C3C619E-8EC3-420E-9E9A-191B61D93136}.Release|Any CPU.ActiveCfg = Release|Any CPU
		{7C3C619E-8EC3-420E-9E9A-191B61D93136}.Release|Any CPU.Build.0 = Release|Any CPU
		{52FB736D-1839-4034-A6F5-465A3094D924}.Debug|Any CPU.ActiveCfg = Debug|Any CPU
		{52FB736D-1839-4034-A6F5-465A3094D924}.Debug|Any CPU.Build.0 = Debug|Any CPU
		{52FB736D-1839-4034-A6F5-465A3094D924}.Release|Any CPU.ActiveCfg = Release|Any CPU
		{52FB736D-1839-4034-A6F5-465A3094D924}.Release|Any CPU.Build.0 = Release|Any CPU
		{07514DA7-D5D7-480D-BDE9-5381552B2E32}.Debug|Any CPU.ActiveCfg = Debug|Any CPU
		{07514DA7-D5D7-480D-BDE9-5381552B2E32}.Debug|Any CPU.Build.0 = Debug|Any CPU
		{07514DA7-D5D7-480D-BDE9-5381552B2E32}.Release|Any CPU.ActiveCfg = Release|Any CPU
		{07514DA7-D5D7-480D-BDE9-5381552B2E32}.Release|Any CPU.Build.0 = Release|Any CPU
		{26071B48-D4F4-4E5F-9C37-FDC0A95E337B}.Debug|Any CPU.ActiveCfg = Debug|Any CPU
		{26071B48-D4F4-4E5F-9C37-FDC0A95E337B}.Debug|Any CPU.Build.0 = Debug|Any CPU
		{26071B48-D4F4-4E5F-9C37-FDC0A95E337B}.Release|Any CPU.ActiveCfg = Release|Any CPU
		{26071B48-D4F4-4E5F-9C37-FDC0A95E337B}.Release|Any CPU.Build.0 = Release|Any CPU
	EndGlobalSection
	GlobalSection(SolutionProperties) = preSolution
		HideSolutionNode = FALSE
	EndGlobalSection
	GlobalSection(ExtensibilityGlobals) = postSolution
		SolutionGuid = {99165A30-D285-4FC9-A784-CD66E76B586E}
	EndGlobalSection
EndGlobal
